// !$*UTF8*$!
{
	archiveVersion = 1;
	classes = {
	};
	objectVersion = 46;
	objects = {

/* Begin PBXBuildFile section */
		65B16B7E18BC16F6003AA819 /* Foundation.framework in Frameworks */ = {isa = PBXBuildFile; fileRef = 65B16B7D18BC16F6003AA819 /* Foundation.framework */; };
		65B16B8018BC16F6003AA819 /* CoreGraphics.framework in Frameworks */ = {isa = PBXBuildFile; fileRef = 65B16B7F18BC16F6003AA819 /* CoreGraphics.framework */; };
		65B16B8218BC16F6003AA819 /* UIKit.framework in Frameworks */ = {isa = PBXBuildFile; fileRef = 65B16B8118BC16F6003AA819 /* UIKit.framework */; };
		65B16B8818BC16F6003AA819 /* InfoPlist.strings in Resources */ = {isa = PBXBuildFile; fileRef = 65B16B8618BC16F6003AA819 /* InfoPlist.strings */; };
		65B16B8A18BC16F6003AA819 /* main.m in Sources */ = {isa = PBXBuildFile; fileRef = 65B16B8918BC16F6003AA819 /* main.m */; };
		65B16B8E18BC16F6003AA819 /* CLAppDelegate.m in Sources */ = {isa = PBXBuildFile; fileRef = 65B16B8D18BC16F6003AA819 /* CLAppDelegate.m */; };
		65B16B9018BC16F6003AA819 /* Images.xcassets in Resources */ = {isa = PBXBuildFile; fileRef = 65B16B8F18BC16F6003AA819 /* Images.xcassets */; };
		65B16BAF18BC17D2003AA819 /* CLTokenInputView.m in Sources */ = {isa = PBXBuildFile; fileRef = 65B16BAE18BC17D2003AA819 /* CLTokenInputView.m */; };
		65B16BB318BC17EC003AA819 /* CLTokenView.m in Sources */ = {isa = PBXBuildFile; fileRef = 65B16BB218BC17EC003AA819 /* CLTokenView.m */; };
		65B16BB818BC1826003AA819 /* CLTokenInputViewController.m in Sources */ = {isa = PBXBuildFile; fileRef = 65B16BB618BC1826003AA819 /* CLTokenInputViewController.m */; };
		65B16BBA18BC1826003AA819 /* CLTokenInputViewController.xib in Resources */ = {isa = PBXBuildFile; fileRef = 65B16BB718BC1826003AA819 /* CLTokenInputViewController.xib */; };
		65B16BBE18BC1D9E003AA819 /* CLBackspaceDetectingTextField.m in Sources */ = {isa = PBXBuildFile; fileRef = 65B16BBD18BC1D9E003AA819 /* CLBackspaceDetectingTextField.m */; };
		65B16BC218BC26C9003AA819 /* CLToken.m in Sources */ = {isa = PBXBuildFile; fileRef = 65B16BC118BC26C9003AA819 /* CLToken.m */; };
		65E86F821C407E3A0029E724 /* LaunchScreen.storyboard in Resources */ = {isa = PBXBuildFile; fileRef = 65E86F811C407E3A0029E724 /* LaunchScreen.storyboard */; };
		F69812771DB7D281007F8FA9 /* CLTokenInputView.framework in Frameworks */ = {isa = PBXBuildFile; fileRef = F69812701DB7D281007F8FA9 /* CLTokenInputView.framework */; };
		F69812781DB7D281007F8FA9 /* CLTokenInputView.framework in Embed Frameworks */ = {isa = PBXBuildFile; fileRef = F69812701DB7D281007F8FA9 /* CLTokenInputView.framework */; settings = {ATTRIBUTES = (CodeSignOnCopy, RemoveHeadersOnCopy, ); }; };
		F698127D1DB7D2D3007F8FA9 /* CLTokenInputView.m in Sources */ = {isa = PBXBuildFile; fileRef = 65B16BAE18BC17D2003AA819 /* CLTokenInputView.m */; };
		F698127E1DB7D2D3007F8FA9 /* CLTokenView.m in Sources */ = {isa = PBXBuildFile; fileRef = 65B16BB218BC17EC003AA819 /* CLTokenView.m */; };
		F698127F1DB7D2D3007F8FA9 /* CLBackspaceDetectingTextField.m in Sources */ = {isa = PBXBuildFile; fileRef = 65B16BBD18BC1D9E003AA819 /* CLBackspaceDetectingTextField.m */; };
		F69812801DB7D2D3007F8FA9 /* CLToken.m in Sources */ = {isa = PBXBuildFile; fileRef = 65B16BC118BC26C9003AA819 /* CLToken.m */; };
		F69812841DB7D30D007F8FA9 /* CoreGraphics.framework in Frameworks */ = {isa = PBXBuildFile; fileRef = 65B16B7F18BC16F6003AA819 /* CoreGraphics.framework */; };
		F69812851DB7D323007F8FA9 /* UIKit.framework in Frameworks */ = {isa = PBXBuildFile; fileRef = 65B16B8118BC16F6003AA819 /* UIKit.framework */; };
		F69812861DB7D328007F8FA9 /* Foundation.framework in Frameworks */ = {isa = PBXBuildFile; fileRef = 65B16B7D18BC16F6003AA819 /* Foundation.framework */; };
		F69812871DB7D342007F8FA9 /* CLTokenInputView.h in Headers */ = {isa = PBXBuildFile; fileRef = 65B16BAD18BC17D2003AA819 /* CLTokenInputView.h */; settings = {ATTRIBUTES = (Public, ); }; };
		F69812881DB7D342007F8FA9 /* CLTokenView.h in Headers */ = {isa = PBXBuildFile; fileRef = 65B16BB118BC17EC003AA819 /* CLTokenView.h */; };
		F69812891DB7D342007F8FA9 /* CLBackspaceDetectingTextField.h in Headers */ = {isa = PBXBuildFile; fileRef = 65B16BBC18BC1D9E003AA819 /* CLBackspaceDetectingTextField.h */; };
		F698128A1DB7D342007F8FA9 /* CLToken.h in Headers */ = {isa = PBXBuildFile; fileRef = 65B16BC018BC26C9003AA819 /* CLToken.h */; settings = {ATTRIBUTES = (Public, ); }; };
		F698128C1DB7D515007F8FA9 /* iOS-Framework-Info.plist in Resources */ = {isa = PBXBuildFile; fileRef = F698128B1DB7D515007F8FA9 /* iOS-Framework-Info.plist */; };
/* End PBXBuildFile section */

/* Begin PBXContainerItemProxy section */
		F69812751DB7D281007F8FA9 /* PBXContainerItemProxy */ = {
			isa = PBXContainerItemProxy;
			containerPortal = 65B16B7218BC16F6003AA819 /* Project object */;
			proxyType = 1;
			remoteGlobalIDString = F698126F1DB7D281007F8FA9;
			remoteInfo = "CLTokenInputView-iOS";
		};
/* End PBXContainerItemProxy section */

/* Begin PBXCopyFilesBuildPhase section */
		F698127C1DB7D281007F8FA9 /* Embed Frameworks */ = {
			isa = PBXCopyFilesBuildPhase;
			buildActionMask = 2147483647;
			dstPath = "";
			dstSubfolderSpec = 10;
			files = (
				F69812781DB7D281007F8FA9 /* CLTokenInputView.framework in Embed Frameworks */,
			);
			name = "Embed Frameworks";
			runOnlyForDeploymentPostprocessing = 0;
		};
/* End PBXCopyFilesBuildPhase section */

/* Begin PBXFileReference section */
		65B16B7A18BC16F6003AA819 /* CLTokenInputViewDemo.app */ = {isa = PBXFileReference; explicitFileType = wrapper.application; includeInIndex = 0; path = CLTokenInputViewDemo.app; sourceTree = BUILT_PRODUCTS_DIR; };
		65B16B7D18BC16F6003AA819 /* Foundation.framework */ = {isa = PBXFileReference; lastKnownFileType = wrapper.framework; name = Foundation.framework; path = System/Library/Frameworks/Foundation.framework; sourceTree = SDKROOT; };
		65B16B7F18BC16F6003AA819 /* CoreGraphics.framework */ = {isa = PBXFileReference; lastKnownFileType = wrapper.framework; name = CoreGraphics.framework; path = System/Library/Frameworks/CoreGraphics.framework; sourceTree = SDKROOT; };
		65B16B8118BC16F6003AA819 /* UIKit.framework */ = {isa = PBXFileReference; lastKnownFileType = wrapper.framework; name = UIKit.framework; path = System/Library/Frameworks/UIKit.framework; sourceTree = SDKROOT; };
		65B16B8518BC16F6003AA819 /* CLTokenInputView-Info.plist */ = {isa = PBXFileReference; lastKnownFileType = text.plist.xml; path = "CLTokenInputView-Info.plist"; sourceTree = "<group>"; };
		65B16B8718BC16F6003AA819 /* en */ = {isa = PBXFileReference; lastKnownFileType = text.plist.strings; name = en; path = en.lproj/InfoPlist.strings; sourceTree = "<group>"; };
		65B16B8918BC16F6003AA819 /* main.m */ = {isa = PBXFileReference; lastKnownFileType = sourcecode.c.objc; path = main.m; sourceTree = "<group>"; };
		65B16B8B18BC16F6003AA819 /* CLTokenInputView-Prefix.pch */ = {isa = PBXFileReference; lastKnownFileType = sourcecode.c.h; path = "CLTokenInputView-Prefix.pch"; sourceTree = "<group>"; };
		65B16B8C18BC16F6003AA819 /* CLAppDelegate.h */ = {isa = PBXFileReference; lastKnownFileType = sourcecode.c.h; path = CLAppDelegate.h; sourceTree = "<group>"; };
		65B16B8D18BC16F6003AA819 /* CLAppDelegate.m */ = {isa = PBXFileReference; lastKnownFileType = sourcecode.c.objc; path = CLAppDelegate.m; sourceTree = "<group>"; };
		65B16B8F18BC16F6003AA819 /* Images.xcassets */ = {isa = PBXFileReference; lastKnownFileType = folder.assetcatalog; path = Images.xcassets; sourceTree = "<group>"; };
		65B16B9618BC16F7003AA819 /* XCTest.framework */ = {isa = PBXFileReference; lastKnownFileType = wrapper.framework; name = XCTest.framework; path = Library/Frameworks/XCTest.framework; sourceTree = DEVELOPER_DIR; };
		65B16BAD18BC17D2003AA819 /* CLTokenInputView.h */ = {isa = PBXFileReference; fileEncoding = 4; lastKnownFileType = sourcecode.c.h; name = CLTokenInputView.h; path = CLTokenInputView/CLTokenInputView.h; sourceTree = "<group>"; };
		65B16BAE18BC17D2003AA819 /* CLTokenInputView.m */ = {isa = PBXFileReference; fileEncoding = 4; lastKnownFileType = sourcecode.c.objc; name = CLTokenInputView.m; path = CLTokenInputView/CLTokenInputView.m; sourceTree = "<group>"; };
		65B16BB118BC17EC003AA819 /* CLTokenView.h */ = {isa = PBXFileReference; fileEncoding = 4; lastKnownFileType = sourcecode.c.h; name = CLTokenView.h; path = CLTokenInputView/CLTokenView.h; sourceTree = "<group>"; };
		65B16BB218BC17EC003AA819 /* CLTokenView.m */ = {isa = PBXFileReference; fileEncoding = 4; lastKnownFileType = sourcecode.c.objc; name = CLTokenView.m; path = CLTokenInputView/CLTokenView.m; sourceTree = "<group>"; };
		65B16BB518BC1826003AA819 /* CLTokenInputViewController.h */ = {isa = PBXFileReference; fileEncoding = 4; lastKnownFileType = sourcecode.c.h; path = CLTokenInputViewController.h; sourceTree = "<group>"; };
		65B16BB618BC1826003AA819 /* CLTokenInputViewController.m */ = {isa = PBXFileReference; fileEncoding = 4; lastKnownFileType = sourcecode.c.objc; path = CLTokenInputViewController.m; sourceTree = "<group>"; };
		65B16BB718BC1826003AA819 /* CLTokenInputViewController.xib */ = {isa = PBXFileReference; fileEncoding = 4; lastKnownFileType = file.xib; path = CLTokenInputViewController.xib; sourceTree = "<group>"; };
		65B16BBC18BC1D9E003AA819 /* CLBackspaceDetectingTextField.h */ = {isa = PBXFileReference; fileEncoding = 4; lastKnownFileType = sourcecode.c.h; name = CLBackspaceDetectingTextField.h; path = CLTokenInputView/CLBackspaceDetectingTextField.h; sourceTree = "<group>"; };
		65B16BBD18BC1D9E003AA819 /* CLBackspaceDetectingTextField.m */ = {isa = PBXFileReference; fileEncoding = 4; lastKnownFileType = sourcecode.c.objc; name = CLBackspaceDetectingTextField.m; path = CLTokenInputView/CLBackspaceDetectingTextField.m; sourceTree = "<group>"; };
		65B16BC018BC26C9003AA819 /* CLToken.h */ = {isa = PBXFileReference; fileEncoding = 4; lastKnownFileType = sourcecode.c.h; name = CLToken.h; path = CLTokenInputView/CLToken.h; sourceTree = "<group>"; };
		65B16BC118BC26C9003AA819 /* CLToken.m */ = {isa = PBXFileReference; fileEncoding = 4; lastKnownFileType = sourcecode.c.objc; name = CLToken.m; path = CLTokenInputView/CLToken.m; sourceTree = "<group>"; };
		65E86F811C407E3A0029E724 /* LaunchScreen.storyboard */ = {isa = PBXFileReference; fileEncoding = 4; lastKnownFileType = file.storyboard; path = LaunchScreen.storyboard; sourceTree = "<group>"; };
		F69812701DB7D281007F8FA9 /* CLTokenInputView.framework */ = {isa = PBXFileReference; explicitFileType = wrapper.framework; includeInIndex = 0; path = CLTokenInputView.framework; sourceTree = BUILT_PRODUCTS_DIR; };
		F69812821DB7D303007F8FA9 /* QuartzCore.framework */ = {isa = PBXFileReference; lastKnownFileType = wrapper.framework; name = QuartzCore.framework; path = System/Library/Frameworks/QuartzCore.framework; sourceTree = SDKROOT; };
		F698128B1DB7D515007F8FA9 /* iOS-Framework-Info.plist */ = {isa = PBXFileReference; fileEncoding = 4; lastKnownFileType = text.plist.xml; path = "iOS-Framework-Info.plist"; sourceTree = "<group>"; };
/* End PBXFileReference section */

/* Begin PBXFrameworksBuildPhase section */
		65B16B7718BC16F6003AA819 /* Frameworks */ = {
			isa = PBXFrameworksBuildPhase;
			buildActionMask = 2147483647;
			files = (
				65B16B8018BC16F6003AA819 /* CoreGraphics.framework in Frameworks */,
				F69812771DB7D281007F8FA9 /* CLTokenInputView.framework in Frameworks */,
				65B16B8218BC16F6003AA819 /* UIKit.framework in Frameworks */,
				65B16B7E18BC16F6003AA819 /* Foundation.framework in Frameworks */,
			);
			runOnlyForDeploymentPostprocessing = 0;
		};
		F698126C1DB7D281007F8FA9 /* Frameworks */ = {
			isa = PBXFrameworksBuildPhase;
			buildActionMask = 2147483647;
			files = (
				F69812861DB7D328007F8FA9 /* Foundation.framework in Frameworks */,
				F69812851DB7D323007F8FA9 /* UIKit.framework in Frameworks */,
				F69812841DB7D30D007F8FA9 /* CoreGraphics.framework in Frameworks */,
			);
			runOnlyForDeploymentPostprocessing = 0;
		};
/* End PBXFrameworksBuildPhase section */

/* Begin PBXGroup section */
		65B16B7118BC16F6003AA819 = {
			isa = PBXGroup;
			children = (
				65B16B8318BC16F6003AA819 /* CLTokenInputView */,
				65B16B7C18BC16F6003AA819 /* Frameworks */,
				65B16B7B18BC16F6003AA819 /* Products */,
			);
			sourceTree = "<group>";
		};
		65B16B7B18BC16F6003AA819 /* Products */ = {
			isa = PBXGroup;
			children = (
				65B16B7A18BC16F6003AA819 /* CLTokenInputViewDemo.app */,
				F69812701DB7D281007F8FA9 /* CLTokenInputView.framework */,
			);
			name = Products;
			sourceTree = "<group>";
		};
		65B16B7C18BC16F6003AA819 /* Frameworks */ = {
			isa = PBXGroup;
			children = (
				F69812821DB7D303007F8FA9 /* QuartzCore.framework */,
				65B16B7D18BC16F6003AA819 /* Foundation.framework */,
				65B16B7F18BC16F6003AA819 /* CoreGraphics.framework */,
				65B16B8118BC16F6003AA819 /* UIKit.framework */,
				65B16B9618BC16F7003AA819 /* XCTest.framework */,
			);
			name = Frameworks;
			sourceTree = "<group>";
		};
		65B16B8318BC16F6003AA819 /* CLTokenInputView */ = {
			isa = PBXGroup;
			children = (
				65B16BAC18BC17A5003AA819 /* CLTokenInputView */,
				65B16B8C18BC16F6003AA819 /* CLAppDelegate.h */,
				65B16B8D18BC16F6003AA819 /* CLAppDelegate.m */,
				65B16BB518BC1826003AA819 /* CLTokenInputViewController.h */,
				65B16BB618BC1826003AA819 /* CLTokenInputViewController.m */,
				65B16BB718BC1826003AA819 /* CLTokenInputViewController.xib */,
				65E86F811C407E3A0029E724 /* LaunchScreen.storyboard */,
				65B16B8F18BC16F6003AA819 /* Images.xcassets */,
				65B16B8418BC16F6003AA819 /* Supporting Files */,
			);
			path = CLTokenInputView;
			sourceTree = "<group>";
		};
		65B16B8418BC16F6003AA819 /* Supporting Files */ = {
			isa = PBXGroup;
			children = (
				F698128B1DB7D515007F8FA9 /* iOS-Framework-Info.plist */,
				65B16B8518BC16F6003AA819 /* CLTokenInputView-Info.plist */,
				65B16B8618BC16F6003AA819 /* InfoPlist.strings */,
				65B16B8918BC16F6003AA819 /* main.m */,
				65B16B8B18BC16F6003AA819 /* CLTokenInputView-Prefix.pch */,
			);
			name = "Supporting Files";
			sourceTree = "<group>";
		};
		65B16BAC18BC17A5003AA819 /* CLTokenInputView */ = {
			isa = PBXGroup;
			children = (
				65B16BAD18BC17D2003AA819 /* CLTokenInputView.h */,
				65B16BAE18BC17D2003AA819 /* CLTokenInputView.m */,
				65B16BB118BC17EC003AA819 /* CLTokenView.h */,
				65B16BB218BC17EC003AA819 /* CLTokenView.m */,
				65B16BBC18BC1D9E003AA819 /* CLBackspaceDetectingTextField.h */,
				65B16BBD18BC1D9E003AA819 /* CLBackspaceDetectingTextField.m */,
				65B16BC018BC26C9003AA819 /* CLToken.h */,
				65B16BC118BC26C9003AA819 /* CLToken.m */,
			);
			name = CLTokenInputView;
			sourceTree = "<group>";
		};
/* End PBXGroup section */

/* Begin PBXHeadersBuildPhase section */
		F698126D1DB7D281007F8FA9 /* Headers */ = {
			isa = PBXHeadersBuildPhase;
			buildActionMask = 2147483647;
			files = (
				F69812891DB7D342007F8FA9 /* CLBackspaceDetectingTextField.h in Headers */,
				F69812871DB7D342007F8FA9 /* CLTokenInputView.h in Headers */,
				F69812881DB7D342007F8FA9 /* CLTokenView.h in Headers */,
				F698128A1DB7D342007F8FA9 /* CLToken.h in Headers */,
			);
			runOnlyForDeploymentPostprocessing = 0;
		};
/* End PBXHeadersBuildPhase section */

/* Begin PBXNativeTarget section */
		65B16B7918BC16F6003AA819 /* CLTokenInputViewDemo */ = {
			isa = PBXNativeTarget;
			buildConfigurationList = 65B16BA618BC16F7003AA819 /* Build configuration list for PBXNativeTarget "CLTokenInputViewDemo" */;
			buildPhases = (
				65B16B7618BC16F6003AA819 /* Sources */,
				65B16B7718BC16F6003AA819 /* Frameworks */,
				65B16B7818BC16F6003AA819 /* Resources */,
				F698127C1DB7D281007F8FA9 /* Embed Frameworks */,
			);
			buildRules = (
			);
			dependencies = (
				F69812761DB7D281007F8FA9 /* PBXTargetDependency */,
			);
			name = CLTokenInputViewDemo;
			productName = CLTokenInputView;
			productReference = 65B16B7A18BC16F6003AA819 /* CLTokenInputViewDemo.app */;
			productType = "com.apple.product-type.application";
		};
		F698126F1DB7D281007F8FA9 /* iOS Framework */ = {
			isa = PBXNativeTarget;
			buildConfigurationList = F698127B1DB7D281007F8FA9 /* Build configuration list for PBXNativeTarget "iOS Framework" */;
			buildPhases = (
				F698126B1DB7D281007F8FA9 /* Sources */,
				F698126C1DB7D281007F8FA9 /* Frameworks */,
				F698126D1DB7D281007F8FA9 /* Headers */,
				F698126E1DB7D281007F8FA9 /* Resources */,
			);
			buildRules = (
			);
			dependencies = (
			);
			name = "iOS Framework";
			productName = "CLTokenInputView-iOS";
			productReference = F69812701DB7D281007F8FA9 /* CLTokenInputView.framework */;
			productType = "com.apple.product-type.framework";
		};
/* End PBXNativeTarget section */

/* Begin PBXProject section */
		65B16B7218BC16F6003AA819 /* Project object */ = {
			isa = PBXProject;
			attributes = {
				CLASSPREFIX = CL;
				LastUpgradeCheck = 0910;
				ORGANIZATIONNAME = "Cluster Labs, Inc.";
				TargetAttributes = {
					F698126F1DB7D281007F8FA9 = {
						CreatedOnToolsVersion = 8.0;
						ProvisioningStyle = Automatic;
					};
				};
			};
			buildConfigurationList = 65B16B7518BC16F6003AA819 /* Build configuration list for PBXProject "CLTokenInputView" */;
			compatibilityVersion = "Xcode 3.2";
			developmentRegion = English;
			hasScannedForEncodings = 0;
			knownRegions = (
				en,
			);
			mainGroup = 65B16B7118BC16F6003AA819;
			productRefGroup = 65B16B7B18BC16F6003AA819 /* Products */;
			projectDirPath = "";
			projectRoot = "";
			targets = (
				65B16B7918BC16F6003AA819 /* CLTokenInputViewDemo */,
				F698126F1DB7D281007F8FA9 /* iOS Framework */,
			);
		};
/* End PBXProject section */

/* Begin PBXResourcesBuildPhase section */
		65B16B7818BC16F6003AA819 /* Resources */ = {
			isa = PBXResourcesBuildPhase;
			buildActionMask = 2147483647;
			files = (
				65B16B8818BC16F6003AA819 /* InfoPlist.strings in Resources */,
				65E86F821C407E3A0029E724 /* LaunchScreen.storyboard in Resources */,
				65B16B9018BC16F6003AA819 /* Images.xcassets in Resources */,
				F698128C1DB7D515007F8FA9 /* iOS-Framework-Info.plist in Resources */,
				65B16BBA18BC1826003AA819 /* CLTokenInputViewController.xib in Resources */,
			);
			runOnlyForDeploymentPostprocessing = 0;
		};
		F698126E1DB7D281007F8FA9 /* Resources */ = {
			isa = PBXResourcesBuildPhase;
			buildActionMask = 2147483647;
			files = (
			);
			runOnlyForDeploymentPostprocessing = 0;
		};
/* End PBXResourcesBuildPhase section */

/* Begin PBXSourcesBuildPhase section */
		65B16B7618BC16F6003AA819 /* Sources */ = {
			isa = PBXSourcesBuildPhase;
			buildActionMask = 2147483647;
			files = (
				65B16BBE18BC1D9E003AA819 /* CLBackspaceDetectingTextField.m in Sources */,
				65B16BAF18BC17D2003AA819 /* CLTokenInputView.m in Sources */,
				65B16BB818BC1826003AA819 /* CLTokenInputViewController.m in Sources */,
				65B16B8A18BC16F6003AA819 /* main.m in Sources */,
				65B16B8E18BC16F6003AA819 /* CLAppDelegate.m in Sources */,
				65B16BB318BC17EC003AA819 /* CLTokenView.m in Sources */,
				65B16BC218BC26C9003AA819 /* CLToken.m in Sources */,
			);
			runOnlyForDeploymentPostprocessing = 0;
		};
		F698126B1DB7D281007F8FA9 /* Sources */ = {
			isa = PBXSourcesBuildPhase;
			buildActionMask = 2147483647;
			files = (
				F69812801DB7D2D3007F8FA9 /* CLToken.m in Sources */,
				F698127F1DB7D2D3007F8FA9 /* CLBackspaceDetectingTextField.m in Sources */,
				F698127D1DB7D2D3007F8FA9 /* CLTokenInputView.m in Sources */,
				F698127E1DB7D2D3007F8FA9 /* CLTokenView.m in Sources */,
			);
			runOnlyForDeploymentPostprocessing = 0;
		};
/* End PBXSourcesBuildPhase section */

/* Begin PBXTargetDependency section */
		F69812761DB7D281007F8FA9 /* PBXTargetDependency */ = {
			isa = PBXTargetDependency;
			target = F698126F1DB7D281007F8FA9 /* iOS Framework */;
			targetProxy = F69812751DB7D281007F8FA9 /* PBXContainerItemProxy */;
		};
/* End PBXTargetDependency section */

/* Begin PBXVariantGroup section */
		65B16B8618BC16F6003AA819 /* InfoPlist.strings */ = {
			isa = PBXVariantGroup;
			children = (
				65B16B8718BC16F6003AA819 /* en */,
			);
			name = InfoPlist.strings;
			sourceTree = "<group>";
		};
/* End PBXVariantGroup section */

/* Begin XCBuildConfiguration section */
		65B16BA418BC16F7003AA819 /* Debug */ = {
			isa = XCBuildConfiguration;
			buildSettings = {
				ALWAYS_SEARCH_USER_PATHS = NO;
				CLANG_CXX_LANGUAGE_STANDARD = "gnu++0x";
				CLANG_CXX_LIBRARY = "libc++";
				CLANG_ENABLE_MODULES = YES;
				CLANG_ENABLE_OBJC_ARC = YES;
				CLANG_WARN_BLOCK_CAPTURE_AUTORELEASING = YES;
				CLANG_WARN_BOOL_CONVERSION = YES;
				CLANG_WARN_COMMA = YES;
				CLANG_WARN_CONSTANT_CONVERSION = YES;
				CLANG_WARN_DIRECT_OBJC_ISA_USAGE = YES_ERROR;
				CLANG_WARN_EMPTY_BODY = YES;
				CLANG_WARN_ENUM_CONVERSION = YES;
				CLANG_WARN_INFINITE_RECURSION = YES;
				CLANG_WARN_INT_CONVERSION = YES;
				CLANG_WARN_NON_LITERAL_NULL_CONVERSION = YES;
				CLANG_WARN_OBJC_LITERAL_CONVERSION = YES;
				CLANG_WARN_OBJC_ROOT_CLASS = YES_ERROR;
				CLANG_WARN_RANGE_LOOP_ANALYSIS = YES;
				CLANG_WARN_STRICT_PROTOTYPES = YES;
				CLANG_WARN_SUSPICIOUS_MOVE = YES;
				CLANG_WARN_UNREACHABLE_CODE = YES;
				CLANG_WARN__DUPLICATE_METHOD_MATCH = YES;
				"CODE_SIGN_IDENTITY[sdk=iphoneos*]" = "iPhone Developer";
				COPY_PHASE_STRIP = NO;
				ENABLE_STRICT_OBJC_MSGSEND = YES;
				ENABLE_TESTABILITY = YES;
				GCC_C_LANGUAGE_STANDARD = gnu99;
				GCC_DYNAMIC_NO_PIC = NO;
				GCC_NO_COMMON_BLOCKS = YES;
				GCC_OPTIMIZATION_LEVEL = 0;
				GCC_PREPROCESSOR_DEFINITIONS = (
					"DEBUG=1",
					"$(inherited)",
				);
				GCC_SYMBOLS_PRIVATE_EXTERN = NO;
				GCC_WARN_64_TO_32_BIT_CONVERSION = YES;
				GCC_WARN_ABOUT_RETURN_TYPE = YES_ERROR;
				GCC_WARN_UNDECLARED_SELECTOR = YES;
				GCC_WARN_UNINITIALIZED_AUTOS = YES;
				GCC_WARN_UNUSED_FUNCTION = YES;
				GCC_WARN_UNUSED_VARIABLE = YES;
				IPHONEOS_DEPLOYMENT_TARGET = 9.0;
				ONLY_ACTIVE_ARCH = YES;
				SDKROOT = iphoneos;
			};
			name = Debug;
		};
		65B16BA518BC16F7003AA819 /* Release */ = {
			isa = XCBuildConfiguration;
			buildSettings = {
				ALWAYS_SEARCH_USER_PATHS = NO;
				CLANG_CXX_LANGUAGE_STANDARD = "gnu++0x";
				CLANG_CXX_LIBRARY = "libc++";
				CLANG_ENABLE_MODULES = YES;
				CLANG_ENABLE_OBJC_ARC = YES;
				CLANG_WARN_BLOCK_CAPTURE_AUTORELEASING = YES;
				CLANG_WARN_BOOL_CONVERSION = YES;
				CLANG_WARN_COMMA = YES;
				CLANG_WARN_CONSTANT_CONVERSION = YES;
				CLANG_WARN_DIRECT_OBJC_ISA_USAGE = YES_ERROR;
				CLANG_WARN_EMPTY_BODY = YES;
				CLANG_WARN_ENUM_CONVERSION = YES;
				CLANG_WARN_INFINITE_RECURSION = YES;
				CLANG_WARN_INT_CONVERSION = YES;
				CLANG_WARN_NON_LITERAL_NULL_CONVERSION = YES;
				CLANG_WARN_OBJC_LITERAL_CONVERSION = YES;
				CLANG_WARN_OBJC_ROOT_CLASS = YES_ERROR;
				CLANG_WARN_RANGE_LOOP_ANALYSIS = YES;
				CLANG_WARN_STRICT_PROTOTYPES = YES;
				CLANG_WARN_SUSPICIOUS_MOVE = YES;
				CLANG_WARN_UNREACHABLE_CODE = YES;
				CLANG_WARN__DUPLICATE_METHOD_MATCH = YES;
				"CODE_SIGN_IDENTITY[sdk=iphoneos*]" = "iPhone Developer";
				COPY_PHASE_STRIP = YES;
				ENABLE_NS_ASSERTIONS = NO;
				ENABLE_STRICT_OBJC_MSGSEND = YES;
				GCC_C_LANGUAGE_STANDARD = gnu99;
				GCC_NO_COMMON_BLOCKS = YES;
				GCC_WARN_64_TO_32_BIT_CONVERSION = YES;
				GCC_WARN_ABOUT_RETURN_TYPE = YES_ERROR;
				GCC_WARN_UNDECLARED_SELECTOR = YES;
				GCC_WARN_UNINITIALIZED_AUTOS = YES;
				GCC_WARN_UNUSED_FUNCTION = YES;
				GCC_WARN_UNUSED_VARIABLE = YES;
				IPHONEOS_DEPLOYMENT_TARGET = 9.0;
				SDKROOT = iphoneos;
				VALIDATE_PRODUCT = YES;
			};
			name = Release;
		};
		65B16BA718BC16F7003AA819 /* Debug */ = {
			isa = XCBuildConfiguration;
			buildSettings = {
				ASSETCATALOG_COMPILER_APPICON_NAME = AppIcon;
				ASSETCATALOG_COMPILER_LAUNCHIMAGE_NAME = LaunchImage;
				GCC_PRECOMPILE_PREFIX_HEADER = YES;
				GCC_PREFIX_HEADER = "CLTokenInputView/CLTokenInputView-Prefix.pch";
				INFOPLIST_FILE = "CLTokenInputView/CLTokenInputView-Info.plist";
				LD_RUNPATH_SEARCH_PATHS = "$(inherited) @executable_path/Frameworks";
				PRODUCT_BUNDLE_IDENTIFIER = "com.getcluster.${PRODUCT_NAME:rfc1034identifier}";
				PRODUCT_NAME = "$(TARGET_NAME)";
			};
			name = Debug;
		};
		65B16BA818BC16F7003AA819 /* Release */ = {
			isa = XCBuildConfiguration;
			buildSettings = {
				ASSETCATALOG_COMPILER_APPICON_NAME = AppIcon;
				ASSETCATALOG_COMPILER_LAUNCHIMAGE_NAME = LaunchImage;
				GCC_PRECOMPILE_PREFIX_HEADER = YES;
				GCC_PREFIX_HEADER = "CLTokenInputView/CLTokenInputView-Prefix.pch";
				INFOPLIST_FILE = "CLTokenInputView/CLTokenInputView-Info.plist";
				LD_RUNPATH_SEARCH_PATHS = "$(inherited) @executable_path/Frameworks";
				PRODUCT_BUNDLE_IDENTIFIER = "com.getcluster.${PRODUCT_NAME:rfc1034identifier}";
				PRODUCT_NAME = "$(TARGET_NAME)";
			};
			name = Release;
		};
		F69812791DB7D281007F8FA9 /* Debug */ = {
			isa = XCBuildConfiguration;
			buildSettings = {
				APPLICATION_EXTENSION_API_ONLY = YES;
				CLANG_ANALYZER_NONNULL = YES;
				CLANG_WARN_DOCUMENTATION_COMMENTS = YES;
				CLANG_WARN_INFINITE_RECURSION = YES;
				CLANG_WARN_SUSPICIOUS_MOVES = YES;
				CLANG_WARN_UNREACHABLE_CODE = YES;
				CODE_SIGN_IDENTITY = "";
				CURRENT_PROJECT_VERSION = 1;
				DEBUG_INFORMATION_FORMAT = dwarf;
				DEFINES_MODULE = YES;
				DYLIB_COMPATIBILITY_VERSION = 1;
				DYLIB_CURRENT_VERSION = 1;
				DYLIB_INSTALL_NAME_BASE = "@rpath";
				ENABLE_STRICT_OBJC_MSGSEND = YES;
				GCC_NO_COMMON_BLOCKS = YES;
				GCC_WARN_UNINITIALIZED_AUTOS = YES_AGGRESSIVE;
				INFOPLIST_FILE = "CLTokenInputView/iOS-Framework-Info.plist";
				INSTALL_PATH = "$(LOCAL_LIBRARY_DIR)/Frameworks";
				LD_RUNPATH_SEARCH_PATHS = "$(inherited) @executable_path/Frameworks @loader_path/Frameworks";
				MTL_ENABLE_DEBUG_INFO = YES;
				PRODUCT_BUNDLE_IDENTIFIER = com.getcluster.CLTokenInputView;
				PRODUCT_NAME = CLTokenInputView;
				SKIP_INSTALL = YES;
				TARGETED_DEVICE_FAMILY = "1,2";
				VERSIONING_SYSTEM = "apple-generic";
				VERSION_INFO_PREFIX = "";
			};
			name = Debug;
		};
		F698127A1DB7D281007F8FA9 /* Release */ = {
			isa = XCBuildConfiguration;
			buildSettings = {
				APPLICATION_EXTENSION_API_ONLY = YES;
				CLANG_ANALYZER_NONNULL = YES;
				CLANG_WARN_DOCUMENTATION_COMMENTS = YES;
				CLANG_WARN_INFINITE_RECURSION = YES;
				CLANG_WARN_SUSPICIOUS_MOVES = YES;
				CLANG_WARN_UNREACHABLE_CODE = YES;
				CODE_SIGN_IDENTITY = "";
				COPY_PHASE_STRIP = NO;
				CURRENT_PROJECT_VERSION = 1;
				DEBUG_INFORMATION_FORMAT = "dwarf-with-dsym";
				DEFINES_MODULE = YES;
				DYLIB_COMPATIBILITY_VERSION = 1;
				DYLIB_CURRENT_VERSION = 1;
				DYLIB_INSTALL_NAME_BASE = "@rpath";
				ENABLE_STRICT_OBJC_MSGSEND = YES;
				GCC_NO_COMMON_BLOCKS = YES;
				GCC_WARN_UNINITIALIZED_AUTOS = YES_AGGRESSIVE;
				INFOPLIST_FILE = "CLTokenInputView/iOS-Framework-Info.plist";
				INSTALL_PATH = "$(LOCAL_LIBRARY_DIR)/Frameworks";
				LD_RUNPATH_SEARCH_PATHS = "$(inherited) @executable_path/Frameworks @loader_path/Frameworks";
				MTL_ENABLE_DEBUG_INFO = NO;
				PRODUCT_BUNDLE_IDENTIFIER = com.getcluster.CLTokenInputView;
				PRODUCT_NAME = CLTokenInputView;
				SKIP_INSTALL = YES;
				TARGETED_DEVICE_FAMILY = "1,2";
				VERSIONING_SYSTEM = "apple-generic";
				VERSION_INFO_PREFIX = "";
			};
			name = Release;
		};
/* End XCBuildConfiguration section */

/* Begin XCConfigurationList section */
		65B16B7518BC16F6003AA819 /* Build configuration list for PBXProject "CLTokenInputView" */ = {
			isa = XCConfigurationList;
			buildConfigurations = (
				65B16BA418BC16F7003AA819 /* Debug */,
				65B16BA518BC16F7003AA819 /* Release */,
			);
			defaultConfigurationIsVisible = 0;
			defaultConfigurationName = Release;
		};
		65B16BA618BC16F7003AA819 /* Build configuration list for PBXNativeTarget "CLTokenInputViewDemo" */ = {
			isa = XCConfigurationList;
			buildConfigurations = (
				65B16BA718BC16F7003AA819 /* Debug */,
				65B16BA818BC16F7003AA819 /* Release */,
			);
			defaultConfigurationIsVisible = 0;
			defaultConfigurationName = Release;
		};
		F698127B1DB7D281007F8FA9 /* Build configuration list for PBXNativeTarget "iOS Framework" */ = {
			isa = XCConfigurationList;
			buildConfigurations = (
				F69812791DB7D281007F8FA9 /* Debug */,
				F698127A1DB7D281007F8FA9 /* Release */,
			);
			defaultConfigurationIsVisible = 0;
			defaultConfigurationName = Release;
		};
/* End XCConfigurationList section */
	};
	rootObject = 65B16B7218BC16F6003AA819 /* Project object */;
}
